// !$*UTF8*$!
{
	archiveVersion = 1;
	classes = {
	};
	objectVersion = 46;
	objects = {

/* Begin PBXBuildFile section */
		8C8B612D1ADEA48D00F0C4F6 /* main.m in Sources */ = {isa = PBXBuildFile; fileRef = 8C8B612C1ADEA48D00F0C4F6 /* main.m */; };
		8C8B61301ADEA48D00F0C4F6 /* AppDelegate.m in Sources */ = {isa = PBXBuildFile; fileRef = 8C8B612F1ADEA48D00F0C4F6 /* AppDelegate.m */; };
		8C8B61331ADEA48D00F0C4F6 /* STPPressGestureRecognizerSample.xcdatamodeld in Sources */ = {isa = PBXBuildFile; fileRef = 8C8B61311ADEA48D00F0C4F6 /* STPPressGestureRecognizerSample.xcdatamodeld */; };
		8C8B61361ADEA48D00F0C4F6 /* ViewController.m in Sources */ = {isa = PBXBuildFile; fileRef = 8C8B61351ADEA48D00F0C4F6 /* ViewController.m */; };
		8C8B61391ADEA48D00F0C4F6 /* Main.storyboard in Resources */ = {isa = PBXBuildFile; fileRef = 8C8B61371ADEA48D00F0C4F6 /* Main.storyboard */; };
		8C8B613B1ADEA48D00F0C4F6 /* Images.xcassets in Resources */ = {isa = PBXBuildFile; fileRef = 8C8B613A1ADEA48D00F0C4F6 /* Images.xcassets */; };
		8C8B613E1ADEA48D00F0C4F6 /* LaunchScreen.xib in Resources */ = {isa = PBXBuildFile; fileRef = 8C8B613C1ADEA48D00F0C4F6 /* LaunchScreen.xib */; };
		8C8B614A1ADEA48D00F0C4F6 /* STPPressGestureRecognizerSampleTests.m in Sources */ = {isa = PBXBuildFile; fileRef = 8C8B61491ADEA48D00F0C4F6 /* STPPressGestureRecognizerSampleTests.m */; };
		8C8B61551ADEA4D300F0C4F6 /* STPPressGestureRecognizer.m in Sources */ = {isa = PBXBuildFile; fileRef = 8C8B61541ADEA4D300F0C4F6 /* STPPressGestureRecognizer.m */; };
/* End PBXBuildFile section */

/* Begin PBXContainerItemProxy section */
		8C8B61441ADEA48D00F0C4F6 /* PBXContainerItemProxy */ = {
			isa = PBXContainerItemProxy;
			containerPortal = 8C8B611F1ADEA48D00F0C4F6 /* Project object */;
			proxyType = 1;
			remoteGlobalIDString = 8C8B61261ADEA48D00F0C4F6;
			remoteInfo = STPPressGestureRecognizerSample;
		};
/* End PBXContainerItemProxy section */

/* Begin PBXFileReference section */
		8C8B61271ADEA48D00F0C4F6 /* STPPressGestureRecognizerSample.app */ = {isa = PBXFileReference; explicitFileType = wrapper.application; includeInIndex = 0; path = STPPressGestureRecognizerSample.app; sourceTree = BUILT_PRODUCTS_DIR; };
		8C8B612B1ADEA48D00F0C4F6 /* Info.plist */ = {isa = PBXFileReference; lastKnownFileType = text.plist.xml; path = Info.plist; sourceTree = "<group>"; };
		8C8B612C1ADEA48D00F0C4F6 /* main.m */ = {isa = PBXFileReference; lastKnownFileType = sourcecode.c.objc; path = main.m; sourceTree = "<group>"; };
		8C8B612E1ADEA48D00F0C4F6 /* AppDelegate.h */ = {isa = PBXFileReference; lastKnownFileType = sourcecode.c.h; path = AppDelegate.h; sourceTree = "<group>"; };
		8C8B612F1ADEA48D00F0C4F6 /* AppDelegate.m */ = {isa = PBXFileReference; lastKnownFileType = sourcecode.c.objc; path = AppDelegate.m; sourceTree = "<group>"; };
		8C8B61321ADEA48D00F0C4F6 /* STPPressGestureRecognizerSample.xcdatamodel */ = {isa = PBXFileReference; lastKnownFileType = wrapper.xcdatamodel; path = STPPressGestureRecognizerSample.xcdatamodel; sourceTree = "<group>"; };
		8C8B61341ADEA48D00F0C4F6 /* ViewController.h */ = {isa = PBXFileReference; lastKnownFileType = sourcecode.c.h; path = ViewController.h; sourceTree = "<group>"; };
		8C8B61351ADEA48D00F0C4F6 /* ViewController.m */ = {isa = PBXFileReference; lastKnownFileType = sourcecode.c.objc; path = ViewController.m; sourceTree = "<group>"; };
		8C8B61381ADEA48D00F0C4F6 /* Base */ = {isa = PBXFileReference; lastKnownFileType = file.storyboard; name = Base; path = Base.lproj/Main.storyboard; sourceTree = "<group>"; };
		8C8B613A1ADEA48D00F0C4F6 /* Images.xcassets */ = {isa = PBXFileReference; lastKnownFileType = folder.assetcatalog; path = Images.xcassets; sourceTree = "<group>"; };
		8C8B613D1ADEA48D00F0C4F6 /* Base */ = {isa = PBXFileReference; lastKnownFileType = file.xib; name = Base; path = Base.lproj/LaunchScreen.xib; sourceTree = "<group>"; };
		8C8B61431ADEA48D00F0C4F6 /* STPPressGestureRecognizerSampleTests.xctest */ = {isa = PBXFileReference; explicitFileType = wrapper.cfbundle; includeInIndex = 0; path = STPPressGestureRecognizerSampleTests.xctest; sourceTree = BUILT_PRODUCTS_DIR; };
		8C8B61481ADEA48D00F0C4F6 /* Info.plist */ = {isa = PBXFileReference; lastKnownFileType = text.plist.xml; path = Info.plist; sourceTree = "<group>"; };
		8C8B61491ADEA48D00F0C4F6 /* STPPressGestureRecognizerSampleTests.m */ = {isa = PBXFileReference; lastKnownFileType = sourcecode.c.objc; path = STPPressGestureRecognizerSampleTests.m; sourceTree = "<group>"; };
		8C8B61531ADEA4D300F0C4F6 /* STPPressGestureRecognizer.h */ = {isa = PBXFileReference; fileEncoding = 4; lastKnownFileType = sourcecode.c.h; path = STPPressGestureRecognizer.h; sourceTree = "<group>"; };
		8C8B61541ADEA4D300F0C4F6 /* STPPressGestureRecognizer.m */ = {isa = PBXFileReference; fileEncoding = 4; lastKnownFileType = sourcecode.c.objc; path = STPPressGestureRecognizer.m; sourceTree = "<group>"; };
/* End PBXFileReference section */

/* Begin PBXFrameworksBuildPhase section */
		8C8B61241ADEA48D00F0C4F6 /* Frameworks */ = {
			isa = PBXFrameworksBuildPhase;
			buildActionMask = 2147483647;
			files = (
			);
			runOnlyForDeploymentPostprocessing = 0;
		};
		8C8B61401ADEA48D00F0C4F6 /* Frameworks */ = {
			isa = PBXFrameworksBuildPhase;
			buildActionMask = 2147483647;
			files = (
			);
			runOnlyForDeploymentPostprocessing = 0;
		};
/* End PBXFrameworksBuildPhase section */

/* Begin PBXGroup section */
		8C8B611E1ADEA48D00F0C4F6 = {
			isa = PBXGroup;
			children = (
				8C8B61291ADEA48D00F0C4F6 /* STPPressGestureRecognizerSample */,
				8C8B61461ADEA48D00F0C4F6 /* STPPressGestureRecognizerSampleTests */,
				8C8B61281ADEA48D00F0C4F6 /* Products */,
			);
			sourceTree = "<group>";
		};
		8C8B61281ADEA48D00F0C4F6 /* Products */ = {
			isa = PBXGroup;
			children = (
				8C8B61271ADEA48D00F0C4F6 /* STPPressGestureRecognizerSample.app */,
				8C8B61431ADEA48D00F0C4F6 /* STPPressGestureRecognizerSampleTests.xctest */,
			);
			name = Products;
			sourceTree = "<group>";
		};
		8C8B61291ADEA48D00F0C4F6 /* STPPressGestureRecognizerSample */ = {
			isa = PBXGroup;
			children = (
				8C8B612E1ADEA48D00F0C4F6 /* AppDelegate.h */,
				8C8B612F1ADEA48D00F0C4F6 /* AppDelegate.m */,
				8C8B61341ADEA48D00F0C4F6 /* ViewController.h */,
				8C8B61351ADEA48D00F0C4F6 /* ViewController.m */,
				8C8B61531ADEA4D300F0C4F6 /* STPPressGestureRecognizer.h */,
				8C8B61541ADEA4D300F0C4F6 /* STPPressGestureRecognizer.m */,
				8C8B61371ADEA48D00F0C4F6 /* Main.storyboard */,
				8C8B613A1ADEA48D00F0C4F6 /* Images.xcassets */,
				8C8B613C1ADEA48D00F0C4F6 /* LaunchScreen.xib */,
				8C8B61311ADEA48D00F0C4F6 /* STPPressGestureRecognizerSample.xcdatamodeld */,
				8C8B612A1ADEA48D00F0C4F6 /* Supporting Files */,
			);
			path = STPPressGestureRecognizerSample;
			sourceTree = "<group>";
		};
		8C8B612A1ADEA48D00F0C4F6 /* Supporting Files */ = {
			isa = PBXGroup;
			children = (
				8C8B612B1ADEA48D00F0C4F6 /* Info.plist */,
				8C8B612C1ADEA48D00F0C4F6 /* main.m */,
			);
			name = "Supporting Files";
			sourceTree = "<group>";
		};
		8C8B61461ADEA48D00F0C4F6 /* STPPressGestureRecognizerSampleTests */ = {
			isa = PBXGroup;
			children = (
				8C8B61491ADEA48D00F0C4F6 /* STPPressGestureRecognizerSampleTests.m */,
				8C8B61471ADEA48D00F0C4F6 /* Supporting Files */,
			);
			path = STPPressGestureRecognizerSampleTests;
			sourceTree = "<group>";
		};
		8C8B61471ADEA48D00F0C4F6 /* Supporting Files */ = {
			isa = PBXGroup;
			children = (
				8C8B61481ADEA48D00F0C4F6 /* Info.plist */,
			);
			name = "Supporting Files";
			sourceTree = "<group>";
		};
/* End PBXGroup section */

/* Begin PBXNativeTarget section */
		8C8B61261ADEA48D00F0C4F6 /* STPPressGestureRecognizerSample */ = {
			isa = PBXNativeTarget;
			buildConfigurationList = 8C8B614D1ADEA48D00F0C4F6 /* Build configuration list for PBXNativeTarget "STPPressGestureRecognizerSample" */;
			buildPhases = (
				8C8B61231ADEA48D00F0C4F6 /* Sources */,
				8C8B61241ADEA48D00F0C4F6 /* Frameworks */,
				8C8B61251ADEA48D00F0C4F6 /* Resources */,
			);
			buildRules = (
			);
			dependencies = (
			);
			name = STPPressGestureRecognizerSample;
			productName = STPPressGestureRecognizerSample;
			productReference = 8C8B61271ADEA48D00F0C4F6 /* STPPressGestureRecognizerSample.app */;
			productType = "com.apple.product-type.application";
		};
		8C8B61421ADEA48D00F0C4F6 /* STPPressGestureRecognizerSampleTests */ = {
			isa = PBXNativeTarget;
			buildConfigurationList = 8C8B61501ADEA48D00F0C4F6 /* Build configuration list for PBXNativeTarget "STPPressGestureRecognizerSampleTests" */;
			buildPhases = (
				8C8B613F1ADEA48D00F0C4F6 /* Sources */,
				8C8B61401ADEA48D00F0C4F6 /* Frameworks */,
				8C8B61411ADEA48D00F0C4F6 /* Resources */,
			);
			buildRules = (
			);
			dependencies = (
				8C8B61451ADEA48D00F0C4F6 /* PBXTargetDependency */,
			);
			name = STPPressGestureRecognizerSampleTests;
			productName = STPPressGestureRecognizerSampleTests;
			productReference = 8C8B61431ADEA48D00F0C4F6 /* STPPressGestureRecognizerSampleTests.xctest */;
			productType = "com.apple.product-type.bundle.unit-test";
		};
/* End PBXNativeTarget section */

/* Begin PBXProject section */
		8C8B611F1ADEA48D00F0C4F6 /* Project object */ = {
			isa = PBXProject;
			attributes = {
				LastUpgradeCheck = 0630;
				ORGANIZATIONNAME = "Stamp inc";
				TargetAttributes = {
					8C8B61261ADEA48D00F0C4F6 = {
						CreatedOnToolsVersion = 6.3;
					};
					8C8B61421ADEA48D00F0C4F6 = {
						CreatedOnToolsVersion = 6.3;
						TestTargetID = 8C8B61261ADEA48D00F0C4F6;
					};
				};
			};
			buildConfigurationList = 8C8B61221ADEA48D00F0C4F6 /* Build configuration list for PBXProject "STPPressGestureRecognizerSample" */;
			compatibilityVersion = "Xcode 3.2";
			developmentRegion = English;
			hasScannedForEncodings = 0;
			knownRegions = (
				en,
				Base,
			);
			mainGroup = 8C8B611E1ADEA48D00F0C4F6;
			productRefGroup = 8C8B61281ADEA48D00F0C4F6 /* Products */;
			projectDirPath = "";
			projectRoot = "";
			targets = (
				8C8B61261ADEA48D00F0C4F6 /* STPPressGestureRecognizerSample */,
				8C8B61421ADEA48D00F0C4F6 /* STPPressGestureRecognizerSampleTests */,
			);
		};
/* End PBXProject section */

/* Begin PBXResourcesBuildPhase section */
		8C8B61251ADEA48D00F0C4F6 /* Resources */ = {
			isa = PBXResourcesBuildPhase;
			buildActionMask = 2147483647;
			files = (
				8C8B61391ADEA48D00F0C4F6 /* Main.storyboard in Resources */,
				8C8B613E1ADEA48D00F0C4F6 /* LaunchScreen.xib in Resources */,
				8C8B613B1ADEA48D00F0C4F6 /* Images.xcassets in Resources */,
			);
			runOnlyForDeploymentPostprocessing = 0;
		};
		8C8B61411ADEA48D00F0C4F6 /* Resources */ = {
			isa = PBXResourcesBuildPhase;
			buildActionMask = 2147483647;
			files = (
			);
			runOnlyForDeploymentPostprocessing = 0;
		};
/* End PBXResourcesBuildPhase section */

/* Begin PBXSourcesBuildPhase section */
		8C8B61231ADEA48D00F0C4F6 /* Sources */ = {
			isa = PBXSourcesBuildPhase;
			buildActionMask = 2147483647;
			files = (
				8C8B61331ADEA48D00F0C4F6 /* STPPressGestureRecognizerSample.xcdatamodeld in Sources */,
				8C8B61551ADEA4D300F0C4F6 /* STPPressGestureRecognizer.m in Sources */,
				8C8B61301ADEA48D00F0C4F6 /* AppDelegate.m in Sources */,
				8C8B61361ADEA48D00F0C4F6 /* ViewController.m in Sources */,
				8C8B612D1ADEA48D00F0C4F6 /* main.m in Sources */,
			);
			runOnlyForDeploymentPostprocessing = 0;
		};
		8C8B613F1ADEA48D00F0C4F6 /* Sources */ = {
			isa = PBXSourcesBuildPhase;
			buildActionMask = 2147483647;
			files = (
				8C8B614A1ADEA48D00F0C4F6 /* STPPressGestureRecognizerSampleTests.m in Sources */,
			);
			runOnlyForDeploymentPostprocessing = 0;
		};
/* End PBXSourcesBuildPhase section */

/* Begin PBXTargetDependency section */
		8C8B61451ADEA48D00F0C4F6 /* PBXTargetDependency */ = {
			isa = PBXTargetDependency;
			target = 8C8B61261ADEA48D00F0C4F6 /* STPPressGestureRecognizerSample */;
			targetProxy = 8C8B61441ADEA48D00F0C4F6 /* PBXContainerItemProxy */;
		};
/* End PBXTargetDependency section */

/* Begin PBXVariantGroup section */
		8C8B61371ADEA48D00F0C4F6 /* Main.storyboard */ = {
			isa = PBXVariantGroup;
			children = (
				8C8B61381ADEA48D00F0C4F6 /* Base */,
			);
			name = Main.storyboard;
			sourceTree = "<group>";
		};
		8C8B613C1ADEA48D00F0C4F6 /* LaunchScreen.xib */ = {
			isa = PBXVariantGroup;
			children = (
				8C8B613D1ADEA48D00F0C4F6 /* Base */,
			);
			name = LaunchScreen.xib;
			sourceTree = "<group>";
		};
/* End PBXVariantGroup section */

/* Begin XCBuildConfiguration section */
		8C8B614B1ADEA48D00F0C4F6 /* Debug */ = {
			isa = XCBuildConfiguration;
			buildSettings = {
				ALWAYS_SEARCH_USER_PATHS = NO;
				CLANG_CXX_LANGUAGE_STANDARD = "gnu++0x";
				CLANG_CXX_LIBRARY = "libc++";
				CLANG_ENABLE_MODULES = YES;
				CLANG_ENABLE_OBJC_ARC = YES;
				CLANG_WARN_BOOL_CONVERSION = YES;
				CLANG_WARN_CONSTANT_CONVERSION = YES;
				CLANG_WARN_DIRECT_OBJC_ISA_USAGE = YES_ERROR;
				CLANG_WARN_EMPTY_BODY = YES;
				CLANG_WARN_ENUM_CONVERSION = YES;
				CLANG_WARN_INT_CONVERSION = YES;
				CLANG_WARN_OBJC_ROOT_CLASS = YES_ERROR;
				CLANG_WARN_UNREACHABLE_CODE = YES;
				CLANG_WARN__DUPLICATE_METHOD_MATCH = YES;
				"CODE_SIGN_IDENTITY[sdk=iphoneos*]" = "iPhone Developer";
				COPY_PHASE_STRIP = NO;
				DEBUG_INFORMATION_FORMAT = "dwarf-with-dsym";
				ENABLE_STRICT_OBJC_MSGSEND = YES;
				GCC_C_LANGUAGE_STANDARD = gnu99;
				GCC_DYNAMIC_NO_PIC = NO;
				GCC_NO_COMMON_BLOCKS = YES;
				GCC_OPTIMIZATION_LEVEL = 0;
				GCC_PREPROCESSOR_DEFINITIONS = (
					"DEBUG=1",
					"$(inherited)",
				);
				GCC_SYMBOLS_PRIVATE_EXTERN = NO;
				GCC_WARN_64_TO_32_BIT_CONVERSION = YES;
				GCC_WARN_ABOUT_RETURN_TYPE = YES_ERROR;
				GCC_WARN_UNDECLARED_SELECTOR = YES;
				GCC_WARN_UNINITIALIZED_AUTOS = YES_AGGRESSIVE;
				GCC_WARN_UNUSED_FUNCTION = YES;
				GCC_WARN_UNUSED_VARIABLE = YES;
				IPHONEOS_DEPLOYMENT_TARGET = 8.3;
				MTL_ENABLE_DEBUG_INFO = YES;
				ONLY_ACTIVE_ARCH = YES;
				SDKROOT = iphoneos;
			};
			name = Debug;
		};
		8C8B614C1ADEA48D00F0C4F6 /* Release */ = {
			isa = XCBuildConfiguration;
			buildSettings = {
				ALWAYS_SEARCH_USER_PATHS = NO;
				CLANG_CXX_LANGUAGE_STANDARD = "gnu++0x";
				CLANG_CXX_LIBRARY = "libc++";
				CLANG_ENABLE_MODULES = YES;
				CLANG_ENABLE_OBJC_ARC = YES;
				CLANG_WARN_BOOL_CONVERSION = YES;
				CLANG_WARN_CONSTANT_CONVERSION = YES;
				CLANG_WARN_DIRECT_OBJC_ISA_USAGE = YES_ERROR;
				CLANG_WARN_EMPTY_BODY = YES;
				CLANG_WARN_ENUM_CONVERSION = YES;
				CLANG_WARN_INT_CONVERSION = YES;
				CLANG_WARN_OBJC_ROOT_CLASS = YES_ERROR;
				CLANG_WARN_UNREACHABLE_CODE = YES;
				CLANG_WARN__DUPLICATE_METHOD_MATCH = YES;
				"CODE_SIGN_IDENTITY[sdk=iphoneos*]" = "iPhone Developer";
				COPY_PHASE_STRIP = NO;
				DEBUG_INFORMATION_FORMAT = "dwarf-with-dsym";
				ENABLE_NS_ASSERTIONS = NO;
				ENABLE_STRICT_OBJC_MSGSEND = YES;
				GCC_C_LANGUAGE_STANDARD = gnu99;
				GCC_NO_COMMON_BLOCKS = YES;
				GCC_WARN_64_TO_32_BIT_CONVERSION = YES;
				GCC_WARN_ABOUT_RETURN_TYPE = YES_ERROR;
				GCC_WARN_UNDECLARED_SELECTOR = YES;
				GCC_WARN_UNINITIALIZED_AUTOS = YES_AGGRESSIVE;
				GCC_WARN_UNUSED_FUNCTION = YES;
				GCC_WARN_UNUSED_VARIABLE = YES;
				IPHONEOS_DEPLOYMENT_TARGET = 8.3;
				MTL_ENABLE_DEBUG_INFO = NO;
				SDKROOT = iphoneos;
				VALIDATE_PRODUCT = YES;
			};
			name = Release;
		};
		8C8B614E1ADEA48D00F0C4F6 /* Debug */ = {
			isa = XCBuildConfiguration;
			buildSettings = {
				ASSETCATALOG_COMPILER_APPICON_NAME = AppIcon;
				INFOPLIST_FILE = STPPressGestureRecognizerSample/Info.plist;
				LD_RUNPATH_SEARCH_PATHS = "$(inherited) @executable_path/Frameworks";
				PRODUCT_NAME = "$(TARGET_NAME)";
			};
			name = Debug;
		};
		8C8B614F1ADEA48D00F0C4F6 /* Release */ = {
			isa = XCBuildConfiguration;
			buildSettings = {
				ASSETCATALOG_COMPILER_APPICON_NAME = AppIcon;
				INFOPLIST_FILE = STPPressGestureRecognizerSample/Info.plist;
				LD_RUNPATH_SEARCH_PATHS = "$(inherited) @executable_path/Frameworks";
				PRODUCT_NAME = "$(TARGET_NAME)";
			};
			name = Release;
		};
		8C8B61511ADEA48D00F0C4F6 /* Debug */ = {
			isa = XCBuildConfiguration;
			buildSettings = {
				BUNDLE_LOADER = "$(TEST_HOST)";
				FRAMEWORK_SEARCH_PATHS = (
					"$(SDKROOT)/Developer/Library/Frameworks",
					"$(inherited)",
				);
				GCC_PREPROCESSOR_DEFINITIONS = (
					"DEBUG=1",
					"$(inherited)",
				);
				INFOPLIST_FILE = STPPressGestureRecognizerSampleTests/Info.plist;
				LD_RUNPATH_SEARCH_PATHS = "$(inherited) @executable_path/Frameworks @loader_path/Frameworks";
				PRODUCT_NAME = "$(TARGET_NAME)";
				TEST_HOST = "$(BUILT_PRODUCTS_DIR)/STPPressGestureRecognizerSample.app/STPPressGestureRecognizerSample";
			};
			name = Debug;
		};
		8C8B61521ADEA48D00F0C4F6 /* Release */ = {
			isa = XCBuildConfiguration;
			buildSettings = {
				BUNDLE_LOADER = "$(TEST_HOST)";
				FRAMEWORK_SEARCH_PATHS = (
					"$(SDKROOT)/Developer/Library/Frameworks",
					"$(inherited)",
				);
				INFOPLIST_FILE = STPPressGestureRecognizerSampleTests/Info.plist;
				LD_RUNPATH_SEARCH_PATHS = "$(inherited) @executable_path/Frameworks @loader_path/Frameworks";
				PRODUCT_NAME = "$(TARGET_NAME)";
				TEST_HOST = "$(BUILT_PRODUCTS_DIR)/STPPressGestureRecognizerSample.app/STPPressGestureRecognizerSample";
			};
			name = Release;
		};
/* End XCBuildConfiguration section */

/* Begin XCConfigurationList section */
		8C8B61221ADEA48D00F0C4F6 /* Build configuration list for PBXProject "STPPressGestureRecognizerSample" */ = {
			isa = XCConfigurationList;
			buildConfigurations = (
				8C8B614B1ADEA48D00F0C4F6 /* Debug */,
				8C8B614C1ADEA48D00F0C4F6 /* Release */,
			);
			defaultConfigurationIsVisible = 0;
			defaultConfigurationName = Release;
		};
		8C8B614D1ADEA48D00F0C4F6 /* Build configuration list for PBXNativeTarget "STPPressGestureRecognizerSample" */ = {
			isa = XCConfigurationList;
			buildConfigurations = (
				8C8B614E1ADEA48D00F0C4F6 /* Debug */,
				8C8B614F1ADEA48D00F0C4F6 /* Release */,
			);
			defaultConfigurationIsVisible = 0;
		};
		8C8B61501ADEA48D00F0C4F6 /* Build configuration list for PBXNativeTarget "STPPressGestureRecognizerSampleTests" */ = {
			isa = XCConfigurationList;
			buildConfigurations = (
				8C8B61511ADEA48D00F0C4F6 /* Debug */,
				8C8B61521ADEA48D00F0C4F6 /* Release */,
			);
			defaultConfigurationIsVisible = 0;
		};
/* End XCConfigurationList section */

/* Begin XCVersionGroup section */
		8C8B61311ADEA48D00F0C4F6 /* STPPressGestureRecognizerSample.xcdatamodeld */ = {
			isa = XCVersionGroup;
			children = (
				8C8B61321ADEA48D00F0C4F6 /* STPPressGestureRecognizerSample.xcdatamodel */,
			);
			currentVersion = 8C8B61321ADEA48D00F0C4F6 /* STPPressGestureRecognizerSample.xcdatamodel */;
			path = STPPressGestureRecognizerSample.xcdatamodeld;
			sourceTree = "<group>";
			versionGroupType = wrapper.xcdatamodel;
		};
/* End XCVersionGroup section */
	};
	rootObject = 8C8B611F1ADEA48D00F0C4F6 /* Project object */;
}
